
Microsoft Visual Studio Solution File, Format Version 12.00
# Visual Studio Version 16
VisualStudioVersion = 16.0.29424.173
MinimumVisualStudioVersion = 10.0.40219.1
Project("{FAE04EC0-301F-11D3-BF4B-00C04F79EFBC}") = "SnakeGame", "SnakeGame\SnakeGame.csproj", "{023B5EB3-A8D9-489F-A7E9-43E09D49C985}"
EndProject
Global
	GlobalSection(SolutionConfigurationPlatforms) = preSolution
		Debug|Any CPU = Debug|Any CPU
		Release|Any CPU = Release|Any CPU
	EndGlobalSection
	GlobalSection(ProjectConfigurationPlatforms) = postSolution
		{023B5EB3-A8D9-489F-A7E9-43E09D49C985}.Debug|Any CPU.ActiveCfg = Debug|Any CPU
		{023B5EB3-A8D9-489F-A7E9-43E09D49C985}.Debug|Any CPU.Build.0 = Debug|Any CPU
		{023B5EB3-A8D9-489F-A7E9-43E09D49C985}.Release|Any CPU.ActiveCfg = Release|Any CPU
		{023B5EB3-A8D9-489F-A7E9-43E09D49C985}.Release|Any CPU.Build.0 = Release|Any CPU
	EndGlobalSection
	GlobalSection(SolutionProperties) = preSolution
		HideSolutionNode = FALSE
	EndGlobalSection
	GlobalSection(ExtensibilityGlobals) = postSolution
		SolutionGuid = {44A23442-9AD8-4A7F-B103-3513E50F117C}
	EndGlobalSection
EndGlobal
